
Microsoft Visual Studio Solution File, Format Version 12.00
# Visual Studio Version 16
VisualStudioVersion = 16.0.29905.134
MinimumVisualStudioVersion = 10.0.40219.1
Project("{FAE04EC0-301F-11D3-BF4B-00C04F79EFBC}") = "HelloWorld", "HelloWorld\HelloWorld.csproj", "{84AD246B-F199-4765-8237-4451AD59E1F5}"
EndProject
Project("{FAE04EC0-301F-11D3-BF4B-00C04F79EFBC}") = "Teste", "Teste\Teste.csproj", "{48ED7D95-60E5-4237-8FDD-4B913B3C0F45}"
EndProject
Global
	GlobalSection(SolutionConfigurationPlatforms) = preSolution
		Debug|Any CPU = Debug|Any CPU
		Release|Any CPU = Release|Any CPU
	EndGlobalSection
	GlobalSection(ProjectConfigurationPlatforms) = postSolution
		{84AD246B-F199-4765-8237-4451AD59E1F5}.Debug|Any CPU.ActiveCfg = Debug|Any CPU
		{84AD246B-F199-4765-8237-4451AD59E1F5}.Debug|Any CPU.Build.0 = Debug|Any CPU
		{84AD246B-F199-4765-8237-4451AD59E1F5}.Release|Any CPU.ActiveCfg = Release|Any CPU
		{84AD246B-F199-4765-8237-4451AD59E1F5}.Release|Any CPU.Build.0 = Release|Any CPU
		{48ED7D95-60E5-4237-8FDD-4B913B3C0F45}.Debug|Any CPU.ActiveCfg = Debug|Any CPU
		{48ED7D95-60E5-4237-8FDD-4B913B3C0F45}.Debug|Any CPU.Build.0 = Debug|Any CPU
		{48ED7D95-60E5-4237-8FDD-4B913B3C0F45}.Release|Any CPU.ActiveCfg = Release|Any CPU
		{48ED7D95-60E5-4237-8FDD-4B913B3C0F45}.Release|Any CPU.Build.0 = Release|Any CPU
	EndGlobalSection
	GlobalSection(SolutionProperties) = preSolution
		HideSolutionNode = FALSE
	EndGlobalSection
	GlobalSection(ExtensibilityGlobals) = postSolution
		SolutionGuid = {2B44B89E-FF9E-4A80-B0FE-423926D9645E}
	EndGlobalSection
EndGlobal
